// !$*UTF8*$!
{
	archiveVersion = 1;
	classes = {
	};
	objectVersion = 46;
	objects = {

/* Begin PBXBuildFile section */
		6413187C1F023B0700F9C4DF /* GS1BarcodeAdvancedTests.swift in Sources */ = {isa = PBXBuildFile; fileRef = 6413187B1F023B0700F9C4DF /* GS1BarcodeAdvancedTests.swift */; };
		641C79171F0B8FDF000357C4 /* GS1BarcodeParserXCTestCase.swift in Sources */ = {isa = PBXBuildFile; fileRef = 641C79161F0B8FDF000357C4 /* GS1BarcodeParserXCTestCase.swift */; };
		64754CFE1F010A1000B22B62 /* GS1Barcode.swift in Sources */ = {isa = PBXBuildFile; fileRef = 64754CFD1F010A1000B22B62 /* GS1Barcode.swift */; };
		64754D001F010E8400B22B62 /* GS1BarcodeParser.swift in Sources */ = {isa = PBXBuildFile; fileRef = 64754CFF1F010E8400B22B62 /* GS1BarcodeParser.swift */; };
		64754D021F010E9100B22B62 /* Barcode.swift in Sources */ = {isa = PBXBuildFile; fileRef = 64754D011F010E9100B22B62 /* Barcode.swift */; };
		64754D041F010EA000B22B62 /* SimpleBarcode.swift in Sources */ = {isa = PBXBuildFile; fileRef = 64754D031F010EA000B22B62 /* SimpleBarcode.swift */; };
		64754D061F010EBB00B22B62 /* StringExtension.swift in Sources */ = {isa = PBXBuildFile; fileRef = 64754D051F010EBB00B22B62 /* StringExtension.swift */; };
		64754D081F010ECA00B22B62 /* DateExtension.swift in Sources */ = {isa = PBXBuildFile; fileRef = 64754D071F010ECA00B22B62 /* DateExtension.swift */; };
		64754D0A1F010EFA00B22B62 /* SwiftGS1Barcode.podspec in Resources */ = {isa = PBXBuildFile; fileRef = 64754D091F010EFA00B22B62 /* SwiftGS1Barcode.podspec */; };
		64754D0C1F01103C00B22B62 /* BarcodeParserTests.swift in Sources */ = {isa = PBXBuildFile; fileRef = 64754D0B1F01103C00B22B62 /* BarcodeParserTests.swift */; };
		64754D101F01106500B22B62 /* SimpleBarcodeTests.swift in Sources */ = {isa = PBXBuildFile; fileRef = 64754D0F1F01106500B22B62 /* SimpleBarcodeTests.swift */; };
		64754D121F01106D00B22B62 /* GS1BarcodeTests.swift in Sources */ = {isa = PBXBuildFile; fileRef = 64754D111F01106D00B22B62 /* GS1BarcodeTests.swift */; };
		64754D141F01107500B22B62 /* StringTests.swift in Sources */ = {isa = PBXBuildFile; fileRef = 64754D131F01107500B22B62 /* StringTests.swift */; };
		64754D161F01107B00B22B62 /* DateTests.swift in Sources */ = {isa = PBXBuildFile; fileRef = 64754D151F01107B00B22B62 /* DateTests.swift */; };
		64A9DD2D204EE8BA008A2E9F /* GS1BarcodeErrors.swift in Sources */ = {isa = PBXBuildFile; fileRef = 64A9DD2C204EE8BA008A2E9F /* GS1BarcodeErrors.swift */; };
		64AE611D1F01081800F3B9C0 /* SwiftGS1Barcode.framework in Frameworks */ = {isa = PBXBuildFile; fileRef = 64AE61131F01081800F3B9C0 /* SwiftGS1Barcode.framework */; };
		64AE61241F01081800F3B9C0 /* SwiftGS1Barcode.h in Headers */ = {isa = PBXBuildFile; fileRef = 64AE61161F01081800F3B9C0 /* SwiftGS1Barcode.h */; settings = {ATTRIBUTES = (Public, ); }; };
		64DD17361F014E1400F10103 /* GS1ApplicationIdentifier.swift in Sources */ = {isa = PBXBuildFile; fileRef = 64DD17351F014E1400F10103 /* GS1ApplicationIdentifier.swift */; };
		64DD17381F014F8700F10103 /* GS1ApplicationIdentifierTests.swift in Sources */ = {isa = PBXBuildFile; fileRef = 64DD17371F014F8700F10103 /* GS1ApplicationIdentifierTests.swift */; };
		64E3ACA01F14E55D002288EE /* GS1BarcodeFullTests.swift in Sources */ = {isa = PBXBuildFile; fileRef = 64E3AC9F1F14E55D002288EE /* GS1BarcodeFullTests.swift */; };
		64EFE1F320A96F2200DE3E7F /* GS1ApplicationIdentifierTypeTests.swift in Sources */ = {isa = PBXBuildFile; fileRef = 64EFE1F220A96F2200DE3E7F /* GS1ApplicationIdentifierTypeTests.swift */; };
		E21A5933259A75B100F4E902 /* GS1ApplicationIdentifierReadableIdentifierTests.swift in Sources */ = {isa = PBXBuildFile; fileRef = E21A5932259A75B100F4E902 /* GS1ApplicationIdentifierReadableIdentifierTests.swift */; };
		E28E99891F01ABC50093C02B /* GS1BarcodeApplicationIdentifierTests.swift in Sources */ = {isa = PBXBuildFile; fileRef = E28E99881F01ABC50093C02B /* GS1BarcodeApplicationIdentifierTests.swift */; };
/* End PBXBuildFile section */

/* Begin PBXContainerItemProxy section */
		64AE611E1F01081800F3B9C0 /* PBXContainerItemProxy */ = {
			isa = PBXContainerItemProxy;
			containerPortal = 64AE610A1F01081800F3B9C0 /* Project object */;
			proxyType = 1;
			remoteGlobalIDString = 64AE61121F01081800F3B9C0;
			remoteInfo = SwiftGS1Barcode;
		};
/* End PBXContainerItemProxy section */

/* Begin PBXFileReference section */
		6413187B1F023B0700F9C4DF /* GS1BarcodeAdvancedTests.swift */ = {isa = PBXFileReference; fileEncoding = 4; lastKnownFileType = sourcecode.swift; path = GS1BarcodeAdvancedTests.swift; sourceTree = "<group>"; };
		641C79161F0B8FDF000357C4 /* GS1BarcodeParserXCTestCase.swift */ = {isa = PBXFileReference; fileEncoding = 4; lastKnownFileType = sourcecode.swift; path = GS1BarcodeParserXCTestCase.swift; sourceTree = "<group>"; };
		64754CFD1F010A1000B22B62 /* GS1Barcode.swift */ = {isa = PBXFileReference; fileEncoding = 4; lastKnownFileType = sourcecode.swift; path = GS1Barcode.swift; sourceTree = "<group>"; };
		64754CFF1F010E8400B22B62 /* GS1BarcodeParser.swift */ = {isa = PBXFileReference; fileEncoding = 4; lastKnownFileType = sourcecode.swift; path = GS1BarcodeParser.swift; sourceTree = "<group>"; };
		64754D011F010E9100B22B62 /* Barcode.swift */ = {isa = PBXFileReference; fileEncoding = 4; lastKnownFileType = sourcecode.swift; path = Barcode.swift; sourceTree = "<group>"; };
		64754D031F010EA000B22B62 /* SimpleBarcode.swift */ = {isa = PBXFileReference; fileEncoding = 4; lastKnownFileType = sourcecode.swift; path = SimpleBarcode.swift; sourceTree = "<group>"; };
		64754D051F010EBB00B22B62 /* StringExtension.swift */ = {isa = PBXFileReference; fileEncoding = 4; lastKnownFileType = sourcecode.swift; path = StringExtension.swift; sourceTree = "<group>"; };
		64754D071F010ECA00B22B62 /* DateExtension.swift */ = {isa = PBXFileReference; fileEncoding = 4; lastKnownFileType = sourcecode.swift; path = DateExtension.swift; sourceTree = "<group>"; };
		64754D091F010EFA00B22B62 /* SwiftGS1Barcode.podspec */ = {isa = PBXFileReference; fileEncoding = 4; lastKnownFileType = text; path = SwiftGS1Barcode.podspec; sourceTree = "<group>"; };
		64754D0B1F01103C00B22B62 /* BarcodeParserTests.swift */ = {isa = PBXFileReference; fileEncoding = 4; lastKnownFileType = sourcecode.swift; path = BarcodeParserTests.swift; sourceTree = "<group>"; };
		64754D0F1F01106500B22B62 /* SimpleBarcodeTests.swift */ = {isa = PBXFileReference; fileEncoding = 4; lastKnownFileType = sourcecode.swift; path = SimpleBarcodeTests.swift; sourceTree = "<group>"; };
		64754D111F01106D00B22B62 /* GS1BarcodeTests.swift */ = {isa = PBXFileReference; fileEncoding = 4; lastKnownFileType = sourcecode.swift; path = GS1BarcodeTests.swift; sourceTree = "<group>"; };
		64754D131F01107500B22B62 /* StringTests.swift */ = {isa = PBXFileReference; fileEncoding = 4; lastKnownFileType = sourcecode.swift; path = StringTests.swift; sourceTree = "<group>"; };
		64754D151F01107B00B22B62 /* DateTests.swift */ = {isa = PBXFileReference; fileEncoding = 4; lastKnownFileType = sourcecode.swift; path = DateTests.swift; sourceTree = "<group>"; };
		64754D171F011B9700B22B62 /* README.md */ = {isa = PBXFileReference; fileEncoding = 4; lastKnownFileType = net.daringfireball.markdown; path = README.md; sourceTree = "<group>"; };
		64A9DD2C204EE8BA008A2E9F /* GS1BarcodeErrors.swift */ = {isa = PBXFileReference; lastKnownFileType = sourcecode.swift; path = GS1BarcodeErrors.swift; sourceTree = "<group>"; };
		64AE61131F01081800F3B9C0 /* SwiftGS1Barcode.framework */ = {isa = PBXFileReference; explicitFileType = wrapper.framework; includeInIndex = 0; path = SwiftGS1Barcode.framework; sourceTree = BUILT_PRODUCTS_DIR; };
		64AE61161F01081800F3B9C0 /* SwiftGS1Barcode.h */ = {isa = PBXFileReference; lastKnownFileType = sourcecode.c.h; path = SwiftGS1Barcode.h; sourceTree = "<group>"; };
		64AE61171F01081800F3B9C0 /* Info.plist */ = {isa = PBXFileReference; lastKnownFileType = text.plist.xml; path = Info.plist; sourceTree = "<group>"; };
		64AE611C1F01081800F3B9C0 /* SwiftGS1BarcodeTests.xctest */ = {isa = PBXFileReference; explicitFileType = wrapper.cfbundle; includeInIndex = 0; path = SwiftGS1BarcodeTests.xctest; sourceTree = BUILT_PRODUCTS_DIR; };
		64AE61231F01081800F3B9C0 /* Info.plist */ = {isa = PBXFileReference; lastKnownFileType = text.plist.xml; path = Info.plist; sourceTree = "<group>"; };
		64C6F9581F9F1EBC00DC955D /* Deployment.md */ = {isa = PBXFileReference; lastKnownFileType = net.daringfireball.markdown; path = Deployment.md; sourceTree = "<group>"; };
		64DD17351F014E1400F10103 /* GS1ApplicationIdentifier.swift */ = {isa = PBXFileReference; fileEncoding = 4; lastKnownFileType = sourcecode.swift; path = GS1ApplicationIdentifier.swift; sourceTree = "<group>"; };
		64DD17371F014F8700F10103 /* GS1ApplicationIdentifierTests.swift */ = {isa = PBXFileReference; fileEncoding = 4; lastKnownFileType = sourcecode.swift; path = GS1ApplicationIdentifierTests.swift; sourceTree = "<group>"; };
		64E3AC9F1F14E55D002288EE /* GS1BarcodeFullTests.swift */ = {isa = PBXFileReference; fileEncoding = 4; lastKnownFileType = sourcecode.swift; path = GS1BarcodeFullTests.swift; sourceTree = "<group>"; };
		64EFE1F220A96F2200DE3E7F /* GS1ApplicationIdentifierTypeTests.swift */ = {isa = PBXFileReference; lastKnownFileType = sourcecode.swift; path = GS1ApplicationIdentifierTypeTests.swift; sourceTree = "<group>"; };
		E21A5932259A75B100F4E902 /* GS1ApplicationIdentifierReadableIdentifierTests.swift */ = {isa = PBXFileReference; lastKnownFileType = sourcecode.swift; path = GS1ApplicationIdentifierReadableIdentifierTests.swift; sourceTree = "<group>"; };
		E28E99881F01ABC50093C02B /* GS1BarcodeApplicationIdentifierTests.swift */ = {isa = PBXFileReference; fileEncoding = 4; lastKnownFileType = sourcecode.swift; path = GS1BarcodeApplicationIdentifierTests.swift; sourceTree = "<group>"; };
/* End PBXFileReference section */

/* Begin PBXFrameworksBuildPhase section */
		64AE610F1F01081800F3B9C0 /* Frameworks */ = {
			isa = PBXFrameworksBuildPhase;
			buildActionMask = 2147483647;
			files = (
			);
			runOnlyForDeploymentPostprocessing = 0;
		};
		64AE61191F01081800F3B9C0 /* Frameworks */ = {
			isa = PBXFrameworksBuildPhase;
			buildActionMask = 2147483647;
			files = (
				64AE611D1F01081800F3B9C0 /* SwiftGS1Barcode.framework in Frameworks */,
			);
			runOnlyForDeploymentPostprocessing = 0;
		};
/* End PBXFrameworksBuildPhase section */

/* Begin PBXGroup section */
		641C79151F0B8FC2000357C4 /* BaseTests */ = {
			isa = PBXGroup;
			children = (
				641C79161F0B8FDF000357C4 /* GS1BarcodeParserXCTestCase.swift */,
			);
			name = BaseTests;
			sourceTree = "<group>";
		};
		64AE61091F01081800F3B9C0 = {
			isa = PBXGroup;
			children = (
				64C6F9581F9F1EBC00DC955D /* Deployment.md */,
				64754D171F011B9700B22B62 /* README.md */,
				64754D091F010EFA00B22B62 /* SwiftGS1Barcode.podspec */,
				64AE61151F01081800F3B9C0 /* SwiftGS1Barcode */,
				64AE61201F01081800F3B9C0 /* SwiftGS1BarcodeTests */,
				64AE61141F01081800F3B9C0 /* Products */,
			);
			sourceTree = "<group>";
		};
		64AE61141F01081800F3B9C0 /* Products */ = {
			isa = PBXGroup;
			children = (
				64AE61131F01081800F3B9C0 /* SwiftGS1Barcode.framework */,
				64AE611C1F01081800F3B9C0 /* SwiftGS1BarcodeTests.xctest */,
			);
			name = Products;
			sourceTree = "<group>";
		};
		64AE61151F01081800F3B9C0 /* SwiftGS1Barcode */ = {
			isa = PBXGroup;
			children = (
				64AE61161F01081800F3B9C0 /* SwiftGS1Barcode.h */,
				64AE61171F01081800F3B9C0 /* Info.plist */,
				64754D011F010E9100B22B62 /* Barcode.swift */,
				64754CFF1F010E8400B22B62 /* GS1BarcodeParser.swift */,
				64754D071F010ECA00B22B62 /* DateExtension.swift */,
				64DD17351F014E1400F10103 /* GS1ApplicationIdentifier.swift */,
				64754CFD1F010A1000B22B62 /* GS1Barcode.swift */,
				64754D031F010EA000B22B62 /* SimpleBarcode.swift */,
				64754D051F010EBB00B22B62 /* StringExtension.swift */,
				64A9DD2C204EE8BA008A2E9F /* GS1BarcodeErrors.swift */,
			);
			path = SwiftGS1Barcode;
			sourceTree = "<group>";
		};
		64AE61201F01081800F3B9C0 /* SwiftGS1BarcodeTests */ = {
			isa = PBXGroup;
			children = (
				64AE61231F01081800F3B9C0 /* Info.plist */,
				64754D0B1F01103C00B22B62 /* BarcodeParserTests.swift */,
				64754D151F01107B00B22B62 /* DateTests.swift */,
				64DD17371F014F8700F10103 /* GS1ApplicationIdentifierTests.swift */,
				E21A5932259A75B100F4E902 /* GS1ApplicationIdentifierReadableIdentifierTests.swift */,
				64EFE1F220A96F2200DE3E7F /* GS1ApplicationIdentifierTypeTests.swift */,
				6413187B1F023B0700F9C4DF /* GS1BarcodeAdvancedTests.swift */,
				E28E99881F01ABC50093C02B /* GS1BarcodeApplicationIdentifierTests.swift */,
				64E3AC9F1F14E55D002288EE /* GS1BarcodeFullTests.swift */,
				64754D111F01106D00B22B62 /* GS1BarcodeTests.swift */,
				64754D0F1F01106500B22B62 /* SimpleBarcodeTests.swift */,
				64754D131F01107500B22B62 /* StringTests.swift */,
				641C79151F0B8FC2000357C4 /* BaseTests */,
			);
			path = SwiftGS1BarcodeTests;
			sourceTree = "<group>";
		};
/* End PBXGroup section */

/* Begin PBXHeadersBuildPhase section */
		64AE61101F01081800F3B9C0 /* Headers */ = {
			isa = PBXHeadersBuildPhase;
			buildActionMask = 2147483647;
			files = (
				64AE61241F01081800F3B9C0 /* SwiftGS1Barcode.h in Headers */,
			);
			runOnlyForDeploymentPostprocessing = 0;
		};
/* End PBXHeadersBuildPhase section */

/* Begin PBXNativeTarget section */
		64AE61121F01081800F3B9C0 /* SwiftGS1Barcode */ = {
			isa = PBXNativeTarget;
			buildConfigurationList = 64AE61271F01081800F3B9C0 /* Build configuration list for PBXNativeTarget "SwiftGS1Barcode" */;
			buildPhases = (
				64AE610E1F01081800F3B9C0 /* Sources */,
				64AE610F1F01081800F3B9C0 /* Frameworks */,
				64AE61101F01081800F3B9C0 /* Headers */,
				64AE61111F01081800F3B9C0 /* Resources */,
			);
			buildRules = (
			);
			dependencies = (
			);
			name = SwiftGS1Barcode;
			productName = SwiftGS1Barcode;
			productReference = 64AE61131F01081800F3B9C0 /* SwiftGS1Barcode.framework */;
			productType = "com.apple.product-type.framework";
		};
		64AE611B1F01081800F3B9C0 /* SwiftGS1BarcodeTests */ = {
			isa = PBXNativeTarget;
			buildConfigurationList = 64AE612A1F01081800F3B9C0 /* Build configuration list for PBXNativeTarget "SwiftGS1BarcodeTests" */;
			buildPhases = (
				64AE61181F01081800F3B9C0 /* Sources */,
				64AE61191F01081800F3B9C0 /* Frameworks */,
				64AE611A1F01081800F3B9C0 /* Resources */,
			);
			buildRules = (
			);
			dependencies = (
				64AE611F1F01081800F3B9C0 /* PBXTargetDependency */,
			);
			name = SwiftGS1BarcodeTests;
			productName = SwiftGS1BarcodeTests;
			productReference = 64AE611C1F01081800F3B9C0 /* SwiftGS1BarcodeTests.xctest */;
			productType = "com.apple.product-type.bundle.unit-test";
		};
/* End PBXNativeTarget section */

/* Begin PBXProject section */
		64AE610A1F01081800F3B9C0 /* Project object */ = {
			isa = PBXProject;
			attributes = {
				LastSwiftUpdateCheck = 0830;
				LastUpgradeCheck = 1020;
				ORGANIZATIONNAME = "Toni Hoffmann";
				TargetAttributes = {
					64AE61121F01081800F3B9C0 = {
						CreatedOnToolsVersion = 8.3.3;
						LastSwiftMigration = 1020;
						ProvisioningStyle = Manual;
					};
					64AE611B1F01081800F3B9C0 = {
						CreatedOnToolsVersion = 8.3.3;
						LastSwiftMigration = 1020;
						ProvisioningStyle = Manual;
					};
				};
			};
			buildConfigurationList = 64AE610D1F01081800F3B9C0 /* Build configuration list for PBXProject "SwiftGS1Barcode" */;
			compatibilityVersion = "Xcode 3.2";
			developmentRegion = English;
			hasScannedForEncodings = 0;
			knownRegions = (
				English,
				en,
			);
			mainGroup = 64AE61091F01081800F3B9C0;
			productRefGroup = 64AE61141F01081800F3B9C0 /* Products */;
			projectDirPath = "";
			projectRoot = "";
			targets = (
				64AE61121F01081800F3B9C0 /* SwiftGS1Barcode */,
				64AE611B1F01081800F3B9C0 /* SwiftGS1BarcodeTests */,
			);
		};
/* End PBXProject section */

/* Begin PBXResourcesBuildPhase section */
		64AE61111F01081800F3B9C0 /* Resources */ = {
			isa = PBXResourcesBuildPhase;
			buildActionMask = 2147483647;
			files = (
				64754D0A1F010EFA00B22B62 /* SwiftGS1Barcode.podspec in Resources */,
			);
			runOnlyForDeploymentPostprocessing = 0;
		};
		64AE611A1F01081800F3B9C0 /* Resources */ = {
			isa = PBXResourcesBuildPhase;
			buildActionMask = 2147483647;
			files = (
			);
			runOnlyForDeploymentPostprocessing = 0;
		};
/* End PBXResourcesBuildPhase section */

/* Begin PBXSourcesBuildPhase section */
		64AE610E1F01081800F3B9C0 /* Sources */ = {
			isa = PBXSourcesBuildPhase;
			buildActionMask = 2147483647;
			files = (
				64754D041F010EA000B22B62 /* SimpleBarcode.swift in Sources */,
				64A9DD2D204EE8BA008A2E9F /* GS1BarcodeErrors.swift in Sources */,
				64DD17361F014E1400F10103 /* GS1ApplicationIdentifier.swift in Sources */,
				64754D081F010ECA00B22B62 /* DateExtension.swift in Sources */,
				64754CFE1F010A1000B22B62 /* GS1Barcode.swift in Sources */,
				64754D061F010EBB00B22B62 /* StringExtension.swift in Sources */,
				64754D001F010E8400B22B62 /* GS1BarcodeParser.swift in Sources */,
				64754D021F010E9100B22B62 /* Barcode.swift in Sources */,
			);
			runOnlyForDeploymentPostprocessing = 0;
		};
		64AE61181F01081800F3B9C0 /* Sources */ = {
			isa = PBXSourcesBuildPhase;
			buildActionMask = 2147483647;
			files = (
				641C79171F0B8FDF000357C4 /* GS1BarcodeParserXCTestCase.swift in Sources */,
				64754D161F01107B00B22B62 /* DateTests.swift in Sources */,
				64EFE1F320A96F2200DE3E7F /* GS1ApplicationIdentifierTypeTests.swift in Sources */,
				64754D141F01107500B22B62 /* StringTests.swift in Sources */,
				64754D0C1F01103C00B22B62 /* BarcodeParserTests.swift in Sources */,
				64E3ACA01F14E55D002288EE /* GS1BarcodeFullTests.swift in Sources */,
				E28E99891F01ABC50093C02B /* GS1BarcodeApplicationIdentifierTests.swift in Sources */,
				6413187C1F023B0700F9C4DF /* GS1BarcodeAdvancedTests.swift in Sources */,
				E21A5933259A75B100F4E902 /* GS1ApplicationIdentifierReadableIdentifierTests.swift in Sources */,
				64DD17381F014F8700F10103 /* GS1ApplicationIdentifierTests.swift in Sources */,
				64754D121F01106D00B22B62 /* GS1BarcodeTests.swift in Sources */,
				64754D101F01106500B22B62 /* SimpleBarcodeTests.swift in Sources */,
			);
			runOnlyForDeploymentPostprocessing = 0;
		};
/* End PBXSourcesBuildPhase section */

/* Begin PBXTargetDependency section */
		64AE611F1F01081800F3B9C0 /* PBXTargetDependency */ = {
			isa = PBXTargetDependency;
			target = 64AE61121F01081800F3B9C0 /* SwiftGS1Barcode */;
			targetProxy = 64AE611E1F01081800F3B9C0 /* PBXContainerItemProxy */;
		};
/* End PBXTargetDependency section */

/* Begin XCBuildConfiguration section */
		64AE61251F01081800F3B9C0 /* Debug */ = {
			isa = XCBuildConfiguration;
			buildSettings = {
				ALWAYS_SEARCH_USER_PATHS = NO;
				CLANG_ANALYZER_NONNULL = YES;
				CLANG_ANALYZER_NUMBER_OBJECT_CONVERSION = YES_AGGRESSIVE;
				CLANG_CXX_LANGUAGE_STANDARD = "gnu++0x";
				CLANG_CXX_LIBRARY = "libc++";
				CLANG_ENABLE_MODULES = YES;
				CLANG_ENABLE_OBJC_ARC = YES;
				CLANG_WARN_BLOCK_CAPTURE_AUTORELEASING = YES;
				CLANG_WARN_BOOL_CONVERSION = YES;
				CLANG_WARN_COMMA = YES;
				CLANG_WARN_CONSTANT_CONVERSION = YES;
				CLANG_WARN_DEPRECATED_OBJC_IMPLEMENTATIONS = YES;
				CLANG_WARN_DIRECT_OBJC_ISA_USAGE = YES_ERROR;
				CLANG_WARN_DOCUMENTATION_COMMENTS = YES;
				CLANG_WARN_EMPTY_BODY = YES;
				CLANG_WARN_ENUM_CONVERSION = YES;
				CLANG_WARN_INFINITE_RECURSION = YES;
				CLANG_WARN_INT_CONVERSION = YES;
				CLANG_WARN_NON_LITERAL_NULL_CONVERSION = YES;
				CLANG_WARN_OBJC_IMPLICIT_RETAIN_SELF = YES;
				CLANG_WARN_OBJC_LITERAL_CONVERSION = YES;
				CLANG_WARN_OBJC_ROOT_CLASS = YES_ERROR;
				CLANG_WARN_RANGE_LOOP_ANALYSIS = YES;
				CLANG_WARN_STRICT_PROTOTYPES = YES;
				CLANG_WARN_SUSPICIOUS_MOVE = YES;
				CLANG_WARN_UNREACHABLE_CODE = YES;
				CLANG_WARN__DUPLICATE_METHOD_MATCH = YES;
				"CODE_SIGN_IDENTITY[sdk=iphoneos*]" = "iPhone Developer";
				COPY_PHASE_STRIP = NO;
				CURRENT_PROJECT_VERSION = 1;
				DEBUG_INFORMATION_FORMAT = dwarf;
				ENABLE_STRICT_OBJC_MSGSEND = YES;
				ENABLE_TESTABILITY = YES;
				GCC_C_LANGUAGE_STANDARD = gnu99;
				GCC_DYNAMIC_NO_PIC = NO;
				GCC_NO_COMMON_BLOCKS = YES;
				GCC_OPTIMIZATION_LEVEL = 0;
				GCC_PREPROCESSOR_DEFINITIONS = (
					"DEBUG=1",
					"$(inherited)",
				);
				GCC_WARN_64_TO_32_BIT_CONVERSION = YES;
				GCC_WARN_ABOUT_RETURN_TYPE = YES_ERROR;
				GCC_WARN_UNDECLARED_SELECTOR = YES;
				GCC_WARN_UNINITIALIZED_AUTOS = YES_AGGRESSIVE;
				GCC_WARN_UNUSED_FUNCTION = YES;
				GCC_WARN_UNUSED_VARIABLE = YES;
				IPHONEOS_DEPLOYMENT_TARGET = 8.0;
				MTL_ENABLE_DEBUG_INFO = YES;
				ONLY_ACTIVE_ARCH = YES;
				SDKROOT = iphoneos;
				SWIFT_ACTIVE_COMPILATION_CONDITIONS = DEBUG;
				SWIFT_OPTIMIZATION_LEVEL = "-Onone";
				TARGETED_DEVICE_FAMILY = "1,2";
				VERSIONING_SYSTEM = "apple-generic";
				VERSION_INFO_PREFIX = "";
			};
			name = Debug;
		};
		64AE61261F01081800F3B9C0 /* Release */ = {
			isa = XCBuildConfiguration;
			buildSettings = {
				ALWAYS_SEARCH_USER_PATHS = NO;
				CLANG_ANALYZER_NONNULL = YES;
				CLANG_ANALYZER_NUMBER_OBJECT_CONVERSION = YES_AGGRESSIVE;
				CLANG_CXX_LANGUAGE_STANDARD = "gnu++0x";
				CLANG_CXX_LIBRARY = "libc++";
				CLANG_ENABLE_MODULES = YES;
				CLANG_ENABLE_OBJC_ARC = YES;
				CLANG_WARN_BLOCK_CAPTURE_AUTORELEASING = YES;
				CLANG_WARN_BOOL_CONVERSION = YES;
				CLANG_WARN_COMMA = YES;
				CLANG_WARN_CONSTANT_CONVERSION = YES;
				CLANG_WARN_DEPRECATED_OBJC_IMPLEMENTATIONS = YES;
				CLANG_WARN_DIRECT_OBJC_ISA_USAGE = YES_ERROR;
				CLANG_WARN_DOCUMENTATION_COMMENTS = YES;
				CLANG_WARN_EMPTY_BODY = YES;
				CLANG_WARN_ENUM_CONVERSION = YES;
				CLANG_WARN_INFINITE_RECURSION = YES;
				CLANG_WARN_INT_CONVERSION = YES;
				CLANG_WARN_NON_LITERAL_NULL_CONVERSION = YES;
				CLANG_WARN_OBJC_IMPLICIT_RETAIN_SELF = YES;
				CLANG_WARN_OBJC_LITERAL_CONVERSION = YES;
				CLANG_WARN_OBJC_ROOT_CLASS = YES_ERROR;
				CLANG_WARN_RANGE_LOOP_ANALYSIS = YES;
				CLANG_WARN_STRICT_PROTOTYPES = YES;
				CLANG_WARN_SUSPICIOUS_MOVE = YES;
				CLANG_WARN_UNREACHABLE_CODE = YES;
				CLANG_WARN__DUPLICATE_METHOD_MATCH = YES;
				"CODE_SIGN_IDENTITY[sdk=iphoneos*]" = "iPhone Developer";
				COPY_PHASE_STRIP = NO;
				CURRENT_PROJECT_VERSION = 1;
				DEBUG_INFORMATION_FORMAT = "dwarf-with-dsym";
				ENABLE_NS_ASSERTIONS = NO;
				ENABLE_STRICT_OBJC_MSGSEND = YES;
				GCC_C_LANGUAGE_STANDARD = gnu99;
				GCC_NO_COMMON_BLOCKS = YES;
				GCC_WARN_64_TO_32_BIT_CONVERSION = YES;
				GCC_WARN_ABOUT_RETURN_TYPE = YES_ERROR;
				GCC_WARN_UNDECLARED_SELECTOR = YES;
				GCC_WARN_UNINITIALIZED_AUTOS = YES_AGGRESSIVE;
				GCC_WARN_UNUSED_FUNCTION = YES;
				GCC_WARN_UNUSED_VARIABLE = YES;
				IPHONEOS_DEPLOYMENT_TARGET = 8.0;
				MTL_ENABLE_DEBUG_INFO = NO;
				SDKROOT = iphoneos;
				SWIFT_OPTIMIZATION_LEVEL = "-Owholemodule";
				TARGETED_DEVICE_FAMILY = "1,2";
				VALIDATE_PRODUCT = YES;
				VERSIONING_SYSTEM = "apple-generic";
				VERSION_INFO_PREFIX = "";
			};
			name = Release;
		};
		64AE61281F01081800F3B9C0 /* Debug */ = {
			isa = XCBuildConfiguration;
			buildSettings = {
				CLANG_ENABLE_MODULES = YES;
				CODE_SIGN_IDENTITY = "";
				CODE_SIGN_STYLE = Manual;
				DEFINES_MODULE = YES;
				DEVELOPMENT_TEAM = "";
				DYLIB_COMPATIBILITY_VERSION = 1;
				DYLIB_CURRENT_VERSION = 1;
				DYLIB_INSTALL_NAME_BASE = "@rpath";
				INFOPLIST_FILE = SwiftGS1Barcode/Info.plist;
				INSTALL_PATH = "$(LOCAL_LIBRARY_DIR)/Frameworks";
				IPHONEOS_DEPLOYMENT_TARGET = 9.0;
				LD_RUNPATH_SEARCH_PATHS = "$(inherited) @executable_path/Frameworks @loader_path/Frameworks";
				MARKETING_VERSION = 0.5.2;
				PRODUCT_BUNDLE_IDENTIFIER = de.xremix.SwiftGS1Barcode;
				PRODUCT_NAME = "$(TARGET_NAME)";
				PROVISIONING_PROFILE_SPECIFIER = "";
				SKIP_INSTALL = YES;
				SWIFT_OPTIMIZATION_LEVEL = "-Onone";
				SWIFT_VERSION = 5.0;
			};
			name = Debug;
		};
		64AE61291F01081800F3B9C0 /* Release */ = {
			isa = XCBuildConfiguration;
			buildSettings = {
				CLANG_ENABLE_MODULES = YES;
				CODE_SIGN_IDENTITY = "";
				CODE_SIGN_STYLE = Manual;
				DEFINES_MODULE = YES;
				DEVELOPMENT_TEAM = "";
				DYLIB_COMPATIBILITY_VERSION = 1;
				DYLIB_CURRENT_VERSION = 1;
				DYLIB_INSTALL_NAME_BASE = "@rpath";
				INFOPLIST_FILE = SwiftGS1Barcode/Info.plist;
				INSTALL_PATH = "$(LOCAL_LIBRARY_DIR)/Frameworks";
				IPHONEOS_DEPLOYMENT_TARGET = 9.0;
				LD_RUNPATH_SEARCH_PATHS = "$(inherited) @executable_path/Frameworks @loader_path/Frameworks";
				MARKETING_VERSION = 0.5.2;
				PRODUCT_BUNDLE_IDENTIFIER = de.xremix.SwiftGS1Barcode;
				PRODUCT_NAME = "$(TARGET_NAME)";
				PROVISIONING_PROFILE_SPECIFIER = "";
				SKIP_INSTALL = YES;
				SWIFT_VERSION = 5.0;
			};
			name = Release;
		};
		64AE612B1F01081800F3B9C0 /* Debug */ = {
			isa = XCBuildConfiguration;
			buildSettings = {
				ALWAYS_EMBED_SWIFT_STANDARD_LIBRARIES = YES;
				CODE_SIGN_STYLE = Manual;
				DEVELOPMENT_TEAM = "";
				INFOPLIST_FILE = SwiftGS1BarcodeTests/Info.plist;
				LD_RUNPATH_SEARCH_PATHS = "$(inherited) @executable_path/Frameworks @loader_path/Frameworks";
				PRODUCT_BUNDLE_IDENTIFIER = de.xremix.SwiftGS1BarcodeTests;
				PRODUCT_NAME = "$(TARGET_NAME)";
				PROVISIONING_PROFILE_SPECIFIER = "";
				SWIFT_VERSION = 5.0;
			};
			name = Debug;
		};
		64AE612C1F01081800F3B9C0 /* Release */ = {
			isa = XCBuildConfiguration;
			buildSettings = {
				ALWAYS_EMBED_SWIFT_STANDARD_LIBRARIES = YES;
				CODE_SIGN_STYLE = Manual;
				DEVELOPMENT_TEAM = "";
				INFOPLIST_FILE = SwiftGS1BarcodeTests/Info.plist;
				LD_RUNPATH_SEARCH_PATHS = "$(inherited) @executable_path/Frameworks @loader_path/Frameworks";
				PRODUCT_BUNDLE_IDENTIFIER = de.xremix.SwiftGS1BarcodeTests;
				PRODUCT_NAME = "$(TARGET_NAME)";
				PROVISIONING_PROFILE_SPECIFIER = "";
				SWIFT_VERSION = 5.0;
			};
			name = Release;
		};
/* End XCBuildConfiguration section */

/* Begin XCConfigurationList section */
		64AE610D1F01081800F3B9C0 /* Build configuration list for PBXProject "SwiftGS1Barcode" */ = {
			isa = XCConfigurationList;
			buildConfigurations = (
				64AE61251F01081800F3B9C0 /* Debug */,
				64AE61261F01081800F3B9C0 /* Release */,
			);
			defaultConfigurationIsVisible = 0;
			defaultConfigurationName = Release;
		};
		64AE61271F01081800F3B9C0 /* Build configuration list for PBXNativeTarget "SwiftGS1Barcode" */ = {
			isa = XCConfigurationList;
			buildConfigurations = (
				64AE61281F01081800F3B9C0 /* Debug */,
				64AE61291F01081800F3B9C0 /* Release */,
			);
			defaultConfigurationIsVisible = 0;
			defaultConfigurationName = Release;
		};
		64AE612A1F01081800F3B9C0 /* Build configuration list for PBXNativeTarget "SwiftGS1BarcodeTests" */ = {
			isa = XCConfigurationList;
			buildConfigurations = (
				64AE612B1F01081800F3B9C0 /* Debug */,
				64AE612C1F01081800F3B9C0 /* Release */,
			);
			defaultConfigurationIsVisible = 0;
			defaultConfigurationName = Release;
		};
/* End XCConfigurationList section */
	};
	rootObject = 64AE610A1F01081800F3B9C0 /* Project object */;
}
